{
  "name": "webpack-bundle",
  "version": "1.0.0",
  "lockfileVersion": 1,
  "requires": true,
  "dependencies": {
    "@babel/core": {
      "version": "git+https://git@github.com/thachnn/webpack-bundle.git#_babel/core-7.17.10",
      "from": "@babel/core@thachnn/webpack-bundle#_babel/core-7.17.10",
      "dev": true
    },
    "@babel/preset-env": {
      "version": "git+https://git@github.com/thachnn/webpack-bundle.git#_babel/preset-env-7.17.10",
      "from": "@babel/preset-env@thachnn/webpack-bundle#_babel/preset-env-7.17.10",
      "dev": true
    },
    "babel-loader": {
      "version": "git+https://git@github.com/thachnn/webpack-bundle.git#babel-loader-8.2.5",
      "from": "babel-loader@thachnn/webpack-bundle#babel-loader-8.2.5",
      "dev": true
    },
    "dts-bundle": {
      "version": "git+https://git@github.com/thachnn/webpack-bundle.git#dts-bundle-0.7.3",
      "from": "dts-bundle@thachnn/webpack-bundle#dts-bundle-0.7.3",
      "dev": true
    },
    "rimraf": {
      "version": "2.2.8",
      "resolved": "https://registry.npmjs.org/rimraf/-/rimraf-2.2.8.tgz",
      "integrity": "sha512-R5KMKHnPAQaZMqLOsyuyUmcIjSeDm+73eoqQpaXA7AZ22BL+6C+1mcUscgOsNd8WVlJuvlgAPsegcx7pjlV0Dg==",
      "dev": true
    },
    "webpack": {
      "version": "git+https://git@github.com/thachnn/webpack-bundle.git#v5.74.0",
      "from": "webpack@thachnn/webpack-bundle#v5.74.0",
      "dev": true
    },
    "webpack-cli": {
      "version": "git+https://git@github.com/thachnn/webpack-bundle.git#cli-4.10.0",
      "from": "webpack-cli@thachnn/webpack-bundle#cli-4.10.0",
      "dev": true
    }
  }
}
