{
  "name": "webpack-bundle",
  "version": "1.0.0",
  "lockfileVersion": 1,
  "requires": true,
  "dependencies": {
    "@types/json-schema": {
      "version": "7.0.9",
      "resolved": "https://registry.npmjs.org/@types/json-schema/-/json-schema-7.0.9.tgz",
      "integrity": "sha512-qcUXuemtEu+E5wZSJHNxUXeCZhAfXKQ41D+duX+VYPde7xyEVZci+/oXKJL13tnRs9lR2pr4fod59GT6/X1/yQ==",
      "dev": true
    },
    "@webassemblyjs/ast": {
      "version": "git+ssh://git@github.com/thachnn/webpack-bundle.git#09e221b27da961c1c34a74d653075218734d5337",
      "from": "@webassemblyjs/ast@thachnn/webpack-bundle#_webassemblyjs/ast-1.11.1",
      "dev": true
    },
    "@webassemblyjs/wasm-edit": {
      "version": "git+ssh://git@github.com/thachnn/webpack-bundle.git#25a0521c6b12925fab9e6d197ef69a9f7e19efdd",
      "from": "@webassemblyjs/wasm-edit@thachnn/webpack-bundle#_webassemblyjs/wasm-edit-1.11.1",
      "dev": true,
      "requires": {
        "@webassemblyjs/ast": "thachnn/webpack-bundle#_webassemblyjs/ast-1.11.1",
        "@webassemblyjs/wasm-parser": "thachnn/webpack-bundle#_webassemblyjs/wasm-parser-1.11.1"
      }
    },
    "@webassemblyjs/wasm-parser": {
      "version": "git+ssh://git@github.com/thachnn/webpack-bundle.git#40efe357986a5238c0850cdd954b73c367c72028",
      "from": "@webassemblyjs/wasm-parser@thachnn/webpack-bundle#_webassemblyjs/wasm-parser-1.11.1",
      "dev": true,
      "requires": {
        "@webassemblyjs/ast": "thachnn/webpack-bundle#_webassemblyjs/ast-1.11.1"
      }
    },
    "ajv": {
      "version": "git+ssh://git@github.com/thachnn/webpack-bundle.git#61d292571fbb82f4259d7e3b30dea6d94426156b",
      "from": "ajv@thachnn/webpack-bundle#ajv-6.12.6",
      "dev": true
    },
    "ajv-keywords": {
      "version": "3.5.2",
      "resolved": "https://registry.npmjs.org/ajv-keywords/-/ajv-keywords-3.5.2.tgz",
      "integrity": "sha512-5p6WTN0DdTGVQk6VjcEju19IgaHudalcfabD7yhDGeA6bcQnmL+CpveLJq/3hvfwd1aof6L386Ougkx6RfyMIQ==",
      "dev": true
    },
    "big.js": {
      "version": "5.2.2",
      "resolved": "https://registry.npmjs.org/big.js/-/big.js-5.2.2.tgz",
      "integrity": "sha512-vyL2OymJxmarO8gxMr0mhChsO9QGwhynfuu4+MHTAW6czfq9humCB7rKpUjDd9YUiDPU4mzpyupFSvOClAwbmQ==",
      "dev": true
    },
    "browserslist": {
      "version": "4.20.4",
      "resolved": "https://registry.npmjs.org/browserslist/-/browserslist-4.20.4.tgz",
      "integrity": "sha512-ok1d+1WpnU24XYN7oC3QWgTyMhY/avPJ/r9T00xxvUOIparA/gc+UPUMaod3i+G6s+nI2nUb9xZ5k794uIwShw==",
      "dev": true,
      "requires": {
        "caniuse-lite": "^1.0.30001349",
        "electron-to-chromium": "^1.4.147",
        "escalade": "^3.1.1",
        "node-releases": "^2.0.5",
        "picocolors": "^1.0.0"
      }
    },
    "caniuse-lite": {
      "version": "1.0.30001374",
      "resolved": "https://registry.npmjs.org/caniuse-lite/-/caniuse-lite-1.0.30001374.tgz",
      "integrity": "sha512-mWvzatRx3w+j5wx/mpFN5v5twlPrabG8NqX2c6e45LCpymdoGqNvRkRutFUqpRTXKFQFNQJasvK0YT7suW6/Hw==",
      "dev": true
    },
    "electron-to-chromium": {
      "version": "1.4.211",
      "resolved": "https://registry.npmjs.org/electron-to-chromium/-/electron-to-chromium-1.4.211.tgz",
      "integrity": "sha512-BZSbMpyFQU0KBJ1JG26XGeFI3i4op+qOYGxftmZXFZoHkhLgsSv4DHDJfl8ogII3hIuzGt51PaZ195OVu0yJ9A==",
      "dev": true
    },
    "emojis-list": {
      "version": "3.0.0",
      "resolved": "https://registry.npmjs.org/emojis-list/-/emojis-list-3.0.0.tgz",
      "integrity": "sha512-/kyM18EfinwXZbno9FyUGeFh87KC8HRQBQGildHZbEuRyWFOmv1U10o9BBp8XVZDVNNuQKyIGIu5ZYAAXJ0V2Q==",
      "dev": true
    },
    "escalade": {
      "version": "3.1.1",
      "resolved": "https://registry.npmjs.org/escalade/-/escalade-3.1.1.tgz",
      "integrity": "sha512-k0er2gUkLf8O0zKJiAhmkTnJlTvINGv7ygDNPbeIsX/TJjGJZHuh9B2UxbsaEkmlEo9MfhrSzmhIlhRlI2GXnw==",
      "dev": true
    },
    "fast-glob": {
      "version": "git+ssh://git@github.com/thachnn/webpack-bundle.git#b8cf3a46bed39cc90620776367dcdcbc8f98eea5",
      "from": "fast-glob@thachnn/webpack-bundle#fast-glob-3.2.11",
      "dev": true
    },
    "glob": {
      "version": "git+ssh://git@github.com/thachnn/webpack-bundle.git#f1d44beae8627abb618944d26dd7cf65de4f7bef",
      "from": "glob@thachnn/webpack-bundle#glob-7.2.3",
      "dev": true
    },
    "globby": {
      "version": "git+ssh://git@github.com/thachnn/webpack-bundle.git#d1c9157a63fef03e09ef30f65a0a953d22238d50",
      "from": "globby@thachnn/webpack-bundle#globby-11.1.0",
      "dev": true,
      "requires": {
        "fast-glob": "thachnn/webpack-bundle#fast-glob-3.2.11"
      }
    },
    "json5": {
      "version": "2.2.1",
      "resolved": "https://registry.npmjs.org/json5/-/json5-2.2.1.tgz",
      "integrity": "sha512-1hqLFMSrGHRHxav9q9gNjJ5EXznIxGVO09xQRrwplcS8qs28pZ8s8hupZAmqDwZUmVZ2Qb2jnyPOWcDH8m8dlA==",
      "dev": true
    },
    "loader-utils": {
      "version": "2.0.2",
      "resolved": "https://registry.npmjs.org/loader-utils/-/loader-utils-2.0.2.tgz",
      "integrity": "sha512-TM57VeHptv569d/GKh6TAYdzKblwDNiumOdkFnejjD0XwTH87K90w3O7AiJRqdQoXygvi1VQTJTLGhJl7WqA7A==",
      "dev": true,
      "requires": {
        "big.js": "^5.2.2",
        "emojis-list": "^3.0.0",
        "json5": "^2.1.2"
      }
    },
    "node-releases": {
      "version": "2.0.6",
      "resolved": "https://registry.npmjs.org/node-releases/-/node-releases-2.0.6.tgz",
      "integrity": "sha512-PiVXnNuFm5+iYkLBNeq5211hvO38y63T0i2KKh2KnUs3RpzJ+JtODFjkD8yjLwnDkTYF1eKXheUwdssR+NRZdg==",
      "dev": true
    },
    "picocolors": {
      "version": "1.0.0",
      "resolved": "https://registry.npmjs.org/picocolors/-/picocolors-1.0.0.tgz",
      "integrity": "sha512-1fygroTLlHu66zi26VoTDv8yRgm0Fccecssto+MhsZ0D/DGW2sm8E8AjW7NU5VVTRt5GxbeZ5qBuJr+HyLYkjQ==",
      "dev": true
    },
    "rimraf": {
      "version": "2.7.1",
      "resolved": "https://registry.npmjs.org/rimraf/-/rimraf-2.7.1.tgz",
      "integrity": "sha512-uWjbaKIK3T1OSVptzX7Nl6PvQ3qAGtKEtVRjRuazjfL3Bx5eI409VZSqgND+4UNnmzLVdPj9FqFJNPqBZFve4w==",
      "dev": true,
      "requires": {
        "glob": "thachnn/webpack-bundle#glob-7.2.3"
      }
    },
    "schema-utils": {
      "version": "3.1.1",
      "resolved": "https://registry.npmjs.org/schema-utils/-/schema-utils-3.1.1.tgz",
      "integrity": "sha512-Y5PQxS4ITlC+EahLuXaY86TXfR7Dc5lw294alXOq86JAHCihAIZfqv8nNCWvaEJvaC51uN9hbLGeV0cFBdH+Fw==",
      "dev": true,
      "requires": {
        "@types/json-schema": "^7.0.8",
        "ajv": "thachnn/webpack-bundle#ajv-6.12.6",
        "ajv-keywords": "^3.5.2"
      }
    },
    "string-replace-loader": {
      "version": "3.1.0",
      "resolved": "https://registry.npmjs.org/string-replace-loader/-/string-replace-loader-3.1.0.tgz",
      "integrity": "sha512-5AOMUZeX5HE/ylKDnEa/KKBqvlnFmRZudSOjVJHxhoJg9QYTwl1rECx7SLR8BBH7tfxb4Rp7EM2XVfQFxIhsbQ==",
      "dev": true,
      "requires": {
        "loader-utils": "^2.0.0",
        "schema-utils": "^3.0.0"
      }
    },
    "terser": {
      "version": "git+ssh://git@github.com/thachnn/webpack-bundle.git#a1cec4e682cf31009394e5a0bdf6c9e0bf62ccbc",
      "from": "terser@thachnn/webpack-bundle#terser-5.12.1",
      "dev": true
    },
    "webpack": {
      "version": "git+ssh://git@github.com/thachnn/webpack-bundle.git#af3426dc802e244dac3bb272a83eccaf21c83dd5",
      "from": "webpack@thachnn/webpack-bundle#v5.74.0",
      "dev": true
    }
  }
}
