# THIS IS AN AUTOGENERATED FILE. DO NOT EDIT THIS FILE DIRECTLY.
# yarn lockfile v1


"@babel/core@thachnn/webpack-bundle#_babel/core-7.17.10":
  version "7.17.10"
  resolved "https://codeload.github.com/thachnn/webpack-bundle/tar.gz/refs/heads/_babel/core-7.17.10"

"@babel/preset-env@thachnn/webpack-bundle#_babel/preset-env-7.17.10":
  version "7.17.10"
  resolved "https://codeload.github.com/thachnn/webpack-bundle/tar.gz/refs/heads/_babel/preset-env-7.17.10"

"@prettier/plugin-xml@^2.2.0":
  version "2.2.0"
  resolved "https://registry.yarnpkg.com/@prettier/plugin-xml/-/plugin-xml-2.2.0.tgz#2bc2ae667aa817369fdb939aa7d36ea88105483d"
  integrity sha512-UWRmygBsyj4bVXvDiqSccwT1kmsorcwQwaIy30yVh8T+Gspx4OlC0shX1y+ZuwXZvgnafmpRYKks0bAu9urJew==
  dependencies:
    "@xml-tools/parser" "^1.0.11"
    prettier ">=2.4.0"

"@xml-tools/parser@^1.0.11":
  version "1.0.11"
  resolved "https://registry.yarnpkg.com/@xml-tools/parser/-/parser-1.0.11.tgz#a118a14099ea5c3c537e4781fad2fc195b57f8ff"
  integrity sha512-aKqQ077XnR+oQtHJlrAflaZaL7qZsulWc/i/ZEooar5JiWj1eLt0+Wg28cpa+XLney107wXqneC+oG1IZvxkTA==
  dependencies:
    chevrotain "7.1.1"

babel-loader@thachnn/webpack-bundle#babel-loader-8.2.5:
  version "8.2.5"
  resolved "https://codeload.github.com/thachnn/webpack-bundle/tar.gz/refs/heads/babel-loader-8.2.5"

chevrotain@7.1.1:
  version "7.1.1"
  resolved "https://registry.yarnpkg.com/chevrotain/-/chevrotain-7.1.1.tgz#5122814eafd1585a9601f9180a7be9c42d5699c6"
  integrity sha512-wy3mC1x4ye+O+QkEinVJkPf5u2vsrDIYW9G7ZuwFl6v/Yu0LwUuT2POsb+NUWApebyxfkQq6+yDfRExbnI5rcw==
  dependencies:
    regexp-to-ast "0.5.0"

dts-bundle@thachnn/webpack-bundle#dts-bundle-0.7.3:
  version "0.7.3-1"
  resolved "https://codeload.github.com/thachnn/webpack-bundle/tar.gz/refs/heads/dts-bundle-0.7.3"

prettier@>=2.4.0, "prettier@npm:blank-package@7.0.0":
  version "7.0.0"
  resolved "https://registry.yarnpkg.com/blank-package/-/blank-package-7.0.0.tgz#5cbcb4d718e6b1c1d9ee2723ca5f9f60df5f6bf2"
  integrity sha512-g1SNNxwWxVTyE+5EvkprZ4KRsciTc83niGQgfXvV8v/UdMTsUpvFiaxtzEUtDbxf2+rz6OopY5MItz4LlLZ7Cg==

regexp-to-ast@0.5.0:
  version "0.5.0"
  resolved "https://registry.yarnpkg.com/regexp-to-ast/-/regexp-to-ast-0.5.0.tgz#56c73856bee5e1fef7f73a00f1473452ab712a24"
  integrity sha512-tlbJqcMHnPKI9zSrystikWKwHkBqu2a/Sgw01h3zFjvYrMxEDYHzzoMZnUrbIfpTFEsoRnnviOXNCzFiSc54Qw==

rimraf@^2.2.8:
  version "2.2.8"
  resolved "https://registry.yarnpkg.com/rimraf/-/rimraf-2.2.8.tgz#e439be2aaee327321952730f99a8929e4fc50582"
  integrity sha512-R5KMKHnPAQaZMqLOsyuyUmcIjSeDm+73eoqQpaXA7AZ22BL+6C+1mcUscgOsNd8WVlJuvlgAPsegcx7pjlV0Dg==

webpack-cli@thachnn/webpack-bundle#cli-4.10.0:
  version "4.10.0"
  resolved "https://codeload.github.com/thachnn/webpack-bundle/tar.gz/refs/heads/cli-4.10.0"

webpack@thachnn/webpack-bundle#v5.74.0:
  version "5.74.0-0"
  resolved "https://codeload.github.com/thachnn/webpack-bundle/tar.gz/refs/heads/v5.74.0"
